# This file is automatically @generated by Cargo.
# It is not intended for manual editing.
version = 3

[[package]]
name = "bitflags"
version = "0.3.2"
source = "registry+https://github.com/rust-lang/crates.io-index"
checksum = "65fee84cb17ca0b1f86b3870caad42a966b58366caed5a1651c6eb7f415ac545"

[[package]]
name = "bytes"
version = "0.2.10"
source = "git+https://github.com/carllerche/bytes?rev=7edb577d0a#7edb577d0ae7302606636cb0154e0d067ad7affd"

[[package]]
name = "cfg-if"
version = "0.1.0"
source = "registry+https://github.com/rust-lang/crates.io-index"
checksum = "de1e760d7b6535af4241fca8bd8adf68e2e7edacc6b29f5d399050c5e48cf88c"

[[package]]
name = "chat"
version = "0.1.0"
dependencies = [
 "mio",
]

[[package]]
name = "kernel32-sys"
version = "0.1.4"
source = "registry+https://github.com/rust-lang/crates.io-index"
checksum = "e014dab1082fd9d80ea1fa6fcb261b47ed3eb511612a14198bb507701add083e"
dependencies = [
 "winapi 0.2.4",
 "winapi-build",
]

[[package]]
name = "libc"
version = "0.1.12"
source = "registry+https://github.com/rust-lang/crates.io-index"
checksum = "e32a70cf75e5846d53a673923498228bbec6a8624708a9ea5645f075d6276122"

[[package]]
name = "libc"
version = "0.2.126"
source = "registry+https://github.com/rust-lang/crates.io-index"
checksum = "349d5a591cd28b49e1d1037471617a32ddcda5731b99419008085f72d5a53836"

[[package]]
name = "log"
version = "0.3.3"
source = "registry+https://github.com/rust-lang/crates.io-index"
checksum = "fbb9a8cc55c114657af9fd2297fad569cb0d126851aa9a132b1e93b5789d67f9"
dependencies = [
 "libc 0.1.12",
]

[[package]]
name = "mio"
version = "0.5.0-pre"
source = "git+https://github.com/carllerche/mio#70298b27e29743845b15e35244c110b46eb7d3f3"
dependencies = [
 "bytes",
 "libc 0.1.12",
 "log",
 "miow",
 "net2",
 "nix",
 "slab",
 "time",
 "winapi 0.2.4",
]

[[package]]
name = "miow"
version = "0.1.0"
source = "git+https://github.com/alexcrichton/miow?rev=2adb93247f#2adb93247f361771d045da3c014d371673f949a2"
dependencies = [
 "kernel32-sys",
 "libc 0.1.12",
 "net2",
 "winapi 0.2.4",
 "ws2_32-sys",
]

[[package]]
name = "net2"
version = "0.2.37"
source = "registry+https://github.com/rust-lang/crates.io-index"
checksum = "391630d12b68002ae1e25e8f974306474966550ad82dac6886fb8910c19568ae"
dependencies = [
 "cfg-if",
 "libc 0.2.126",
 "winapi 0.3.9",
]

[[package]]
name = "nix"
version = "0.4.1"
source = "git+https://github.com/carllerche/nix-rust?rev=ad87c3bdc9#ad87c3bdc99357f66af9260bce1eb6ae2cbfda98"
dependencies = [
 "bitflags",
 "libc 0.1.12",
]

[[package]]
name = "slab"
version = "0.1.2"
source = "registry+https://github.com/rust-lang/crates.io-index"
checksum = "d6c60f1f439130db34e6697433c81c92406c99a4d402bb82c8f9511dca0315ff"

[[package]]
name = "time"
version = "0.1.33"
source = "registry+https://github.com/rust-lang/crates.io-index"
checksum = "c609f00c984948b95bbf3d6abd5b03bdbfb823e4e97d81f1d1ac4d5e455552d1"
dependencies = [
 "kernel32-sys",
 "libc 0.1.12",
 "winapi 0.2.4",
]

[[package]]
name = "winapi"
version = "0.2.4"
source = "registry+https://github.com/rust-lang/crates.io-index"
checksum = "5350e40d908c7e8b9e5c9edb541ca47cc617c6229d3575a46da6f550f36c96fd"

[[package]]
name = "winapi"
version = "0.3.9"
source = "registry+https://github.com/rust-lang/crates.io-index"
checksum = "5c839a674fcd7a98952e593242ea400abe93992746761e38641405d28b00f419"
dependencies = [
 "winapi-i686-pc-windows-gnu",
 "winapi-x86_64-pc-windows-gnu",
]

[[package]]
name = "winapi-build"
version = "0.1.1"
source = "registry+https://github.com/rust-lang/crates.io-index"
checksum = "2d315eee3b34aca4797b2da6b13ed88266e6d612562a0c46390af8299fc699bc"

[[package]]
name = "winapi-i686-pc-windows-gnu"
version = "0.4.0"
source = "registry+https://github.com/rust-lang/crates.io-index"
checksum = "ac3b87c63620426dd9b991e5ce0329eff545bccbbb34f3be09ff6fb6ab51b7b6"

[[package]]
name = "winapi-x86_64-pc-windows-gnu"
version = "0.4.0"
source = "registry+https://github.com/rust-lang/crates.io-index"
checksum = "712e227841d057c1ee1cd2fb22fa7e5a5461ae8e48fa2ca79ec42cfc1931183f"

[[package]]
name = "ws2_32-sys"
version = "0.1.0"
source = "registry+https://github.com/rust-lang/crates.io-index"
checksum = "5edd5ea27a9717e38db1ba9c4589ab26d20400cf2e90695b9b418cda76931066"
dependencies = [
 "winapi 0.2.4",
 "winapi-build",
]
