[root]
name = "chat"
version = "0.1.0"
dependencies = [
 "mio 0.5.0-pre (git+https://github.com/carllerche/mio)",
]

[[package]]
name = "bitflags"
version = "0.3.2"
source = "registry+https://github.com/rust-lang/crates.io-index"

[[package]]
name = "bytes"
version = "0.2.10"
source = "git+https://github.com/carllerche/bytes?rev=7edb577d0a#7edb577d0ae7302606636cb0154e0d067ad7affd"

[[package]]
name = "cfg-if"
version = "0.1.0"
source = "registry+https://github.com/rust-lang/crates.io-index"

[[package]]
name = "kernel32-sys"
version = "0.1.4"
source = "registry+https://github.com/rust-lang/crates.io-index"
dependencies = [
 "winapi 0.1.23 (registry+https://github.com/rust-lang/crates.io-index)",
 "winapi-build 0.1.1 (registry+https://github.com/rust-lang/crates.io-index)",
]

[[package]]
name = "libc"
version = "0.1.12"
source = "registry+https://github.com/rust-lang/crates.io-index"

[[package]]
name = "libc"
version = "0.2.1"
source = "registry+https://github.com/rust-lang/crates.io-index"

[[package]]
name = "log"
version = "0.3.3"
source = "registry+https://github.com/rust-lang/crates.io-index"
dependencies = [
 "libc 0.1.12 (registry+https://github.com/rust-lang/crates.io-index)",
]

[[package]]
name = "mio"
version = "0.5.0-pre"
source = "git+https://github.com/carllerche/mio#70298b27e29743845b15e35244c110b46eb7d3f3"
dependencies = [
 "bytes 0.2.10 (git+https://github.com/carllerche/bytes?rev=7edb577d0a)",
 "libc 0.1.12 (registry+https://github.com/rust-lang/crates.io-index)",
 "log 0.3.3 (registry+https://github.com/rust-lang/crates.io-index)",
 "miow 0.1.0 (git+https://github.com/alexcrichton/miow?rev=2adb93247f)",
 "net2 0.2.16 (registry+https://github.com/rust-lang/crates.io-index)",
 "nix 0.4.1 (git+https://github.com/carllerche/nix-rust?rev=ad87c3bdc9)",
 "slab 0.1.2 (registry+https://github.com/rust-lang/crates.io-index)",
 "time 0.1.33 (registry+https://github.com/rust-lang/crates.io-index)",
 "winapi 0.2.4 (registry+https://github.com/rust-lang/crates.io-index)",
]

[[package]]
name = "miow"
version = "0.1.0"
source = "git+https://github.com/alexcrichton/miow?rev=2adb93247f#2adb93247f361771d045da3c014d371673f949a2"
dependencies = [
 "kernel32-sys 0.1.4 (registry+https://github.com/rust-lang/crates.io-index)",
 "libc 0.1.12 (registry+https://github.com/rust-lang/crates.io-index)",
 "net2 0.2.16 (registry+https://github.com/rust-lang/crates.io-index)",
 "winapi 0.2.4 (registry+https://github.com/rust-lang/crates.io-index)",
 "ws2_32-sys 0.1.0 (registry+https://github.com/rust-lang/crates.io-index)",
]

[[package]]
name = "net2"
version = "0.2.16"
source = "registry+https://github.com/rust-lang/crates.io-index"
dependencies = [
 "cfg-if 0.1.0 (registry+https://github.com/rust-lang/crates.io-index)",
 "kernel32-sys 0.1.4 (registry+https://github.com/rust-lang/crates.io-index)",
 "libc 0.1.12 (registry+https://github.com/rust-lang/crates.io-index)",
 "winapi 0.2.4 (registry+https://github.com/rust-lang/crates.io-index)",
 "ws2_32-sys 0.1.0 (registry+https://github.com/rust-lang/crates.io-index)",
]

[[package]]
name = "nix"
version = "0.4.1"
source = "git+https://github.com/carllerche/nix-rust?rev=ad87c3bdc9#ad87c3bdc99357f66af9260bce1eb6ae2cbfda98"
dependencies = [
 "bitflags 0.3.2 (registry+https://github.com/rust-lang/crates.io-index)",
 "libc 0.1.12 (registry+https://github.com/rust-lang/crates.io-index)",
]

[[package]]
name = "slab"
version = "0.1.2"
source = "registry+https://github.com/rust-lang/crates.io-index"

[[package]]
name = "time"
version = "0.1.33"
source = "registry+https://github.com/rust-lang/crates.io-index"
dependencies = [
 "kernel32-sys 0.1.4 (registry+https://github.com/rust-lang/crates.io-index)",
 "libc 0.1.12 (registry+https://github.com/rust-lang/crates.io-index)",
 "winapi 0.2.4 (registry+https://github.com/rust-lang/crates.io-index)",
]

[[package]]
name = "winapi"
version = "0.1.23"
source = "registry+https://github.com/rust-lang/crates.io-index"
dependencies = [
 "libc 0.2.1 (registry+https://github.com/rust-lang/crates.io-index)",
]

[[package]]
name = "winapi"
version = "0.2.4"
source = "registry+https://github.com/rust-lang/crates.io-index"

[[package]]
name = "winapi-build"
version = "0.1.1"
source = "registry+https://github.com/rust-lang/crates.io-index"

[[package]]
name = "ws2_32-sys"
version = "0.1.0"
source = "registry+https://github.com/rust-lang/crates.io-index"
dependencies = [
 "winapi 0.1.23 (registry+https://github.com/rust-lang/crates.io-index)",
 "winapi-build 0.1.1 (registry+https://github.com/rust-lang/crates.io-index)",
]

